// !$*UTF8*$!
{
	archiveVersion = 1;
	classes = {
	};
	objectVersion = 46;
	objects = {

/* Begin PBXBuildFile section */
		1FBCE860826778FD72FAC8CC /* Pods_Grocery_Store.framework in Frameworks */ = {isa = PBXBuildFile; fileRef = 4ED6B8615120FC2B7893617C /* Pods_Grocery_Store.framework */; };
		4017324F1F2A1A5E0084C367 /* main.m in Sources */ = {isa = PBXBuildFile; fileRef = 4017324E1F2A1A5E0084C367 /* main.m */; };
		401732521F2A1A5E0084C367 /* AppDelegate.m in Sources */ = {isa = PBXBuildFile; fileRef = 401732511F2A1A5E0084C367 /* AppDelegate.m */; };
		401732551F2A1A5E0084C367 /* ViewController.m in Sources */ = {isa = PBXBuildFile; fileRef = 401732541F2A1A5E0084C367 /* ViewController.m */; };
		401732581F2A1A5E0084C367 /* Main.storyboard in Resources */ = {isa = PBXBuildFile; fileRef = 401732561F2A1A5E0084C367 /* Main.storyboard */; };
		4017325A1F2A1A5E0084C367 /* Assets.xcassets in Resources */ = {isa = PBXBuildFile; fileRef = 401732591F2A1A5E0084C367 /* Assets.xcassets */; };
		4017325D1F2A1A5E0084C367 /* LaunchScreen.storyboard in Resources */ = {isa = PBXBuildFile; fileRef = 4017325B1F2A1A5E0084C367 /* LaunchScreen.storyboard */; };
		401732681F2A1A5E0084C367 /* Grocery_StoreTests.m in Sources */ = {isa = PBXBuildFile; fileRef = 401732671F2A1A5E0084C367 /* Grocery_StoreTests.m */; };
		401732731F2A1A5E0084C367 /* Grocery_StoreUITests.m in Sources */ = {isa = PBXBuildFile; fileRef = 401732721F2A1A5E0084C367 /* Grocery_StoreUITests.m */; };
		401732961F2A220D0084C367 /* BaseCart.m in Sources */ = {isa = PBXBuildFile; fileRef = 401732841F2A220D0084C367 /* BaseCart.m */; };
		401732971F2A220D0084C367 /* BaseVC.m in Sources */ = {isa = PBXBuildFile; fileRef = 401732861F2A220D0084C367 /* BaseVC.m */; };
		401732981F2A220D0084C367 /* LocalizationSystem.m in Sources */ = {isa = PBXBuildFile; fileRef = 401732891F2A220D0084C367 /* LocalizationSystem.m */; };
		401732991F2A220D0084C367 /* LocalizeButton.m in Sources */ = {isa = PBXBuildFile; fileRef = 4017328B1F2A220D0084C367 /* LocalizeButton.m */; };
		4017329A1F2A220D0084C367 /* LocalizeButton2.m in Sources */ = {isa = PBXBuildFile; fileRef = 4017328D1F2A220D0084C367 /* LocalizeButton2.m */; };
		4017329B1F2A220D0084C367 /* LocalizeLabel.m in Sources */ = {isa = PBXBuildFile; fileRef = 4017328F1F2A220D0084C367 /* LocalizeLabel.m */; };
		4017329C1F2A220D0084C367 /* MKNumberBadgeView.m in Sources */ = {isa = PBXBuildFile; fileRef = 401732911F2A220D0084C367 /* MKNumberBadgeView.m */; };
		4017329D1F2A220D0084C367 /* Reachability.m in Sources */ = {isa = PBXBuildFile; fileRef = 401732931F2A220D0084C367 /* Reachability.m */; };
		4017329E1F2A220D0084C367 /* RoundedTextField.m in Sources */ = {isa = PBXBuildFile; fileRef = 401732951F2A220D0084C367 /* RoundedTextField.m */; };
		401732A21F2A226F0084C367 /* AsyncImageView.m in Sources */ = {isa = PBXBuildFile; fileRef = 401732A11F2A226F0084C367 /* AsyncImageView.m */; };
		401732A81F2A23470084C367 /* CartCell.m in Sources */ = {isa = PBXBuildFile; fileRef = 401732A51F2A23470084C367 /* CartCell.m */; };
		401732A91F2A23470084C367 /* CartVC.m in Sources */ = {isa = PBXBuildFile; fileRef = 401732A71F2A23470084C367 /* CartVC.m */; };
		4023C5311F32DDCE0045DBF8 /* ThanksScreenVC.m in Sources */ = {isa = PBXBuildFile; fileRef = 4023C5301F32DDCE0045DBF8 /* ThanksScreenVC.m */; };
		4048FB211F319848004666D9 /* InfoPagesVC.m in Sources */ = {isa = PBXBuildFile; fileRef = 4048FB201F319848004666D9 /* InfoPagesVC.m */; };
		4048FB241F31D3C1004666D9 /* radio_checked.png in Resources */ = {isa = PBXBuildFile; fileRef = 4048FB221F31D3C1004666D9 /* radio_checked.png */; };
		4048FB251F31D3C1004666D9 /* radio.png in Resources */ = {isa = PBXBuildFile; fileRef = 4048FB231F31D3C1004666D9 /* radio.png */; };
		4048FB281F32194A004666D9 /* ConfirmDeliveryVC.m in Sources */ = {isa = PBXBuildFile; fileRef = 4048FB271F32194A004666D9 /* ConfirmDeliveryVC.m */; };
		404958611F2F07C50008C7C1 /* ic_change_password.png in Resources */ = {isa = PBXBuildFile; fileRef = 4049584D1F2F07C50008C7C1 /* ic_change_password.png */; };
		404958621F2F07C50008C7C1 /* ic_exit.png in Resources */ = {isa = PBXBuildFile; fileRef = 4049584E1F2F07C50008C7C1 /* ic_exit.png */; };
		404958631F2F07C50008C7C1 /* ic_less.png in Resources */ = {isa = PBXBuildFile; fileRef = 4049584F1F2F07C50008C7C1 /* ic_less.png */; };
		404958641F2F07C50008C7C1 /* ic_more.png in Resources */ = {isa = PBXBuildFile; fileRef = 404958501F2F07C50008C7C1 /* ic_more.png */; };
		404958651F2F07C50008C7C1 /* ic_nav_about.png in Resources */ = {isa = PBXBuildFile; fileRef = 404958511F2F07C50008C7C1 /* ic_nav_about.png */; };
		404958661F2F07C50008C7C1 /* ic_nav_home.png in Resources */ = {isa = PBXBuildFile; fileRef = 404958521F2F07C50008C7C1 /* ic_nav_home.png */; };
		404958671F2F07C50008C7C1 /* ic_nav_order.png in Resources */ = {isa = PBXBuildFile; fileRef = 404958531F2F07C50008C7C1 /* ic_nav_order.png */; };
		404958681F2F07C50008C7C1 /* ic_nav_policy.png in Resources */ = {isa = PBXBuildFile; fileRef = 404958541F2F07C50008C7C1 /* ic_nav_policy.png */; };
		404958691F2F07C50008C7C1 /* ic_nav_profile.png in Resources */ = {isa = PBXBuildFile; fileRef = 404958551F2F07C50008C7C1 /* ic_nav_profile.png */; };
		4049586A1F2F07C50008C7C1 /* ic_nav_review.png in Resources */ = {isa = PBXBuildFile; fileRef = 404958561F2F07C50008C7C1 /* ic_nav_review.png */; };
		4049586B1F2F07C50008C7C1 /* ic_nav_share.png in Resources */ = {isa = PBXBuildFile; fileRef = 404958571F2F07C50008C7C1 /* ic_nav_share.png */; };
		4049586C1F2F07C50008C7C1 /* ic_nav_support.png in Resources */ = {isa = PBXBuildFile; fileRef = 404958581F2F07C50008C7C1 /* ic_nav_support.png */; };
		4049586D1F2F07C50008C7C1 /* ic_notification.png in Resources */ = {isa = PBXBuildFile; fileRef = 404958591F2F07C50008C7C1 /* ic_notification.png */; };
		4049586E1F2F07C50008C7C1 /* ic_remove.png in Resources */ = {isa = PBXBuildFile; fileRef = 4049585A1F2F07C50008C7C1 /* ic_remove.png */; };
		4049586F1F2F07C50008C7C1 /* ic_search.png in Resources */ = {isa = PBXBuildFile; fileRef = 4049585B1F2F07C50008C7C1 /* ic_search.png */; };
		404958701F2F07C50008C7C1 /* ic_timeslot_07.png in Resources */ = {isa = PBXBuildFile; fileRef = 4049585C1F2F07C50008C7C1 /* ic_timeslot_07.png */; };
		404958711F2F07C50008C7C1 /* ic_timeslot_17.png in Resources */ = {isa = PBXBuildFile; fileRef = 4049585D1F2F07C50008C7C1 /* ic_timeslot_17.png */; };
		404958721F2F07C50008C7C1 /* ic_timeslot_27.png in Resources */ = {isa = PBXBuildFile; fileRef = 4049585E1F2F07C50008C7C1 /* ic_timeslot_27.png */; };
		404958731F2F07C50008C7C1 /* arrow_right.png in Resources */ = {isa = PBXBuildFile; fileRef = 4049585F1F2F07C50008C7C1 /* arrow_right.png */; };
		404958741F2F07C50008C7C1 /* cart.png in Resources */ = {isa = PBXBuildFile; fileRef = 404958601F2F07C50008C7C1 /* cart.png */; };
		404958781F2F37650008C7C1 /* LeftMenuViewController.m in Sources */ = {isa = PBXBuildFile; fileRef = 404958771F2F37650008C7C1 /* LeftMenuViewController.m */; };
		4049587E1F2F49170008C7C1 /* ChoosetimeVC.m in Sources */ = {isa = PBXBuildFile; fileRef = 4049587B1F2F49170008C7C1 /* ChoosetimeVC.m */; };
		4049587F1F2F49170008C7C1 /* TimeslotCell.m in Sources */ = {isa = PBXBuildFile; fileRef = 4049587D1F2F49170008C7C1 /* TimeslotCell.m */; };
		404958821F2F49670008C7C1 /* CalenderVC.m in Sources */ = {isa = PBXBuildFile; fileRef = 404958811F2F49670008C7C1 /* CalenderVC.m */; };
		404958861F2F7C150008C7C1 /* ChooseSocityVC.m in Sources */ = {isa = PBXBuildFile; fileRef = 404958851F2F7C150008C7C1 /* ChooseSocityVC.m */; };
		404958891F2F7CD90008C7C1 /* LocalityCell.m in Sources */ = {isa = PBXBuildFile; fileRef = 404958881F2F7CD90008C7C1 /* LocalityCell.m */; };
		4049588C1F2F7E6B0008C7C1 /* AddAddressVC.m in Sources */ = {isa = PBXBuildFile; fileRef = 4049588B1F2F7E6B0008C7C1 /* AddAddressVC.m */; };
		4049588F1F2F82150008C7C1 /* DeliveryDetailsVC.m in Sources */ = {isa = PBXBuildFile; fileRef = 4049588E1F2F82150008C7C1 /* DeliveryDetailsVC.m */; };
		409FE2A61F34766F0068A37B /* search_icon.png in Resources */ = {isa = PBXBuildFile; fileRef = 409FE2A51F34766F0068A37B /* search_icon.png */; };
		409FE2A91F347F330068A37B /* SearchVC.m in Sources */ = {isa = PBXBuildFile; fileRef = 409FE2A81F347F330068A37B /* SearchVC.m */; };
		409FE2B31F349D250068A37B /* 29.png in Resources */ = {isa = PBXBuildFile; fileRef = 409FE2AA1F349D250068A37B /* 29.png */; };
		409FE2B41F349D250068A37B /* 40.png in Resources */ = {isa = PBXBuildFile; fileRef = 409FE2AB1F349D250068A37B /* 40.png */; };
		409FE2B51F349D250068A37B /* 58.png in Resources */ = {isa = PBXBuildFile; fileRef = 409FE2AC1F349D250068A37B /* 58.png */; };
		409FE2B61F349D250068A37B /* 60.png in Resources */ = {isa = PBXBuildFile; fileRef = 409FE2AD1F349D250068A37B /* 60.png */; };
		409FE2B71F349D250068A37B /* 80.png in Resources */ = {isa = PBXBuildFile; fileRef = 409FE2AE1F349D250068A37B /* 80.png */; };
		409FE2B81F349D250068A37B /* 87.png in Resources */ = {isa = PBXBuildFile; fileRef = 409FE2AF1F349D250068A37B /* 87.png */; };
		409FE2B91F349D250068A37B /* 114.png in Resources */ = {isa = PBXBuildFile; fileRef = 409FE2B01F349D250068A37B /* 114.png */; };
		409FE2BA1F349D250068A37B /* 120.png in Resources */ = {isa = PBXBuildFile; fileRef = 409FE2B11F349D250068A37B /* 120.png */; };
		409FE2BB1F349D250068A37B /* 180.png in Resources */ = {isa = PBXBuildFile; fileRef = 409FE2B21F349D250068A37B /* 180.png */; };
		409FE2BD1F349D970068A37B /* 57.png in Resources */ = {isa = PBXBuildFile; fileRef = 409FE2BC1F349D970068A37B /* 57.png */; };
		409FE2C01F34A0440068A37B /* GoogleService-Info.plist in Resources */ = {isa = PBXBuildFile; fileRef = 409FE2BF1F34A0440068A37B /* GoogleService-Info.plist */; };
		40DC3FBA1F2DA7A900C6B9B4 /* ProductPagerVC.m in Sources */ = {isa = PBXBuildFile; fileRef = 40DC3FB91F2DA7A900C6B9B4 /* ProductPagerVC.m */; };
		40DC3FBD1F2DA9D700C6B9B4 /* ProductListVC.m in Sources */ = {isa = PBXBuildFile; fileRef = 40DC3FBC1F2DA9D700C6B9B4 /* ProductListVC.m */; };
		40E61B3A1F2CA2490008EA60 /* Localizable.strings in Resources */ = {isa = PBXBuildFile; fileRef = 40E61B3C1F2CA2490008EA60 /* Localizable.strings */; };
		40E61B401F2CA4850008EA60 /* CategoryCell.m in Sources */ = {isa = PBXBuildFile; fileRef = 40E61B3F1F2CA4850008EA60 /* CategoryCell.m */; };
		40F7460B1F3049B200CB2763 /* AddressCell.m in Sources */ = {isa = PBXBuildFile; fileRef = 40F7460A1F3049B200CB2763 /* AddressCell.m */; };
		40F746111F30512200CB2763 /* LoginVC.m in Sources */ = {isa = PBXBuildFile; fileRef = 40F7460E1F30512200CB2763 /* LoginVC.m */; };
		40F746121F30512200CB2763 /* RegisterVC.m in Sources */ = {isa = PBXBuildFile; fileRef = 40F746101F30512200CB2763 /* RegisterVC.m */; };
		40F746141F30605400CB2763 /* ic_launcher.png in Resources */ = {isa = PBXBuildFile; fileRef = 40F746131F30605400CB2763 /* ic_launcher.png */; };
		40F7461C1F30985400CB2763 /* ChangePasswordVC.m in Sources */ = {isa = PBXBuildFile; fileRef = 40F746171F30985400CB2763 /* ChangePasswordVC.m */; };
		40F7461E1F30985400CB2763 /* UpdateProfileVC.m in Sources */ = {isa = PBXBuildFile; fileRef = 40F7461B1F30985400CB2763 /* UpdateProfileVC.m */; };
		40F746241F309A3000CB2763 /* MyOrdersVC.m in Sources */ = {isa = PBXBuildFile; fileRef = 40F746221F309A3000CB2763 /* MyOrdersVC.m */; };
		40F746271F309A4700CB2763 /* MyOrderCell.m in Sources */ = {isa = PBXBuildFile; fileRef = 40F746261F309A4700CB2763 /* MyOrderCell.m */; };
		40F7462A1F30AE8E00CB2763 /* OrderDetailsVC.m in Sources */ = {isa = PBXBuildFile; fileRef = 40F746291F30AE8E00CB2763 /* OrderDetailsVC.m */; };
		40F7462D1F30B2BE00CB2763 /* OrderDetailsCell.m in Sources */ = {isa = PBXBuildFile; fileRef = 40F7462C1F30B2BE00CB2763 /* OrderDetailsCell.m */; };
/* End PBXBuildFile section */

/* Begin PBXContainerItemProxy section */
		401732641F2A1A5E0084C367 /* PBXContainerItemProxy */ = {
			isa = PBXContainerItemProxy;
			containerPortal = 401732421F2A1A5E0084C367 /* Project object */;
			proxyType = 1;
			remoteGlobalIDString = 401732491F2A1A5E0084C367;
			remoteInfo = "Grocery Store";
		};
		4017326F1F2A1A5E0084C367 /* PBXContainerItemProxy */ = {
			isa = PBXContainerItemProxy;
			containerPortal = 401732421F2A1A5E0084C367 /* Project object */;
			proxyType = 1;
			remoteGlobalIDString = 401732491F2A1A5E0084C367;
			remoteInfo = "Grocery Store";
		};
/* End PBXContainerItemProxy section */

/* Begin PBXFileReference section */
		4017324A1F2A1A5E0084C367 /* Grocery Store.app */ = {isa = PBXFileReference; explicitFileType = wrapper.application; includeInIndex = 0; path = "Grocery Store.app"; sourceTree = BUILT_PRODUCTS_DIR; };
		4017324E1F2A1A5E0084C367 /* main.m */ = {isa = PBXFileReference; lastKnownFileType = sourcecode.c.objc; path = main.m; sourceTree = "<group>"; };
		401732501F2A1A5E0084C367 /* AppDelegate.h */ = {isa = PBXFileReference; lastKnownFileType = sourcecode.c.h; path = AppDelegate.h; sourceTree = "<group>"; };
		401732511F2A1A5E0084C367 /* AppDelegate.m */ = {isa = PBXFileReference; lastKnownFileType = sourcecode.c.objc; path = AppDelegate.m; sourceTree = "<group>"; };
		401732531F2A1A5E0084C367 /* ViewController.h */ = {isa = PBXFileReference; lastKnownFileType = sourcecode.c.h; path = ViewController.h; sourceTree = "<group>"; };
		401732541F2A1A5E0084C367 /* ViewController.m */ = {isa = PBXFileReference; lastKnownFileType = sourcecode.c.objc; path = ViewController.m; sourceTree = "<group>"; };
		401732571F2A1A5E0084C367 /* Base */ = {isa = PBXFileReference; lastKnownFileType = file.storyboard; name = Base; path = Base.lproj/Main.storyboard; sourceTree = "<group>"; };
		401732591F2A1A5E0084C367 /* Assets.xcassets */ = {isa = PBXFileReference; lastKnownFileType = folder.assetcatalog; path = Assets.xcassets; sourceTree = "<group>"; };
		4017325C1F2A1A5E0084C367 /* Base */ = {isa = PBXFileReference; lastKnownFileType = file.storyboard; name = Base; path = Base.lproj/LaunchScreen.storyboard; sourceTree = "<group>"; };
		4017325E1F2A1A5E0084C367 /* Info.plist */ = {isa = PBXFileReference; lastKnownFileType = text.plist.xml; path = Info.plist; sourceTree = "<group>"; };
		401732631F2A1A5E0084C367 /* Grocery StoreTests.xctest */ = {isa = PBXFileReference; explicitFileType = wrapper.cfbundle; includeInIndex = 0; path = "Grocery StoreTests.xctest"; sourceTree = BUILT_PRODUCTS_DIR; };
		401732671F2A1A5E0084C367 /* Grocery_StoreTests.m */ = {isa = PBXFileReference; lastKnownFileType = sourcecode.c.objc; path = Grocery_StoreTests.m; sourceTree = "<group>"; };
		401732691F2A1A5E0084C367 /* Info.plist */ = {isa = PBXFileReference; lastKnownFileType = text.plist.xml; path = Info.plist; sourceTree = "<group>"; };
		4017326E1F2A1A5E0084C367 /* Grocery StoreUITests.xctest */ = {isa = PBXFileReference; explicitFileType = wrapper.cfbundle; includeInIndex = 0; path = "Grocery StoreUITests.xctest"; sourceTree = BUILT_PRODUCTS_DIR; };
		401732721F2A1A5E0084C367 /* Grocery_StoreUITests.m */ = {isa = PBXFileReference; lastKnownFileType = sourcecode.c.objc; path = Grocery_StoreUITests.m; sourceTree = "<group>"; };
		401732741F2A1A5E0084C367 /* Info.plist */ = {isa = PBXFileReference; lastKnownFileType = text.plist.xml; path = Info.plist; sourceTree = "<group>"; };
		401732811F2A220D0084C367 /* API_Parameters.h */ = {isa = PBXFileReference; fileEncoding = 4; lastKnownFileType = sourcecode.c.h; path = API_Parameters.h; sourceTree = "<group>"; };
		401732821F2A220D0084C367 /* API_Settings.h */ = {isa = PBXFileReference; fileEncoding = 4; lastKnownFileType = sourcecode.c.h; path = API_Settings.h; sourceTree = "<group>"; };
		401732831F2A220D0084C367 /* BaseCart.h */ = {isa = PBXFileReference; fileEncoding = 4; lastKnownFileType = sourcecode.c.h; path = BaseCart.h; sourceTree = "<group>"; };
		401732841F2A220D0084C367 /* BaseCart.m */ = {isa = PBXFileReference; fileEncoding = 4; lastKnownFileType = sourcecode.c.objc; path = BaseCart.m; sourceTree = "<group>"; };
		401732851F2A220D0084C367 /* BaseVC.h */ = {isa = PBXFileReference; fileEncoding = 4; lastKnownFileType = sourcecode.c.h; path = BaseVC.h; sourceTree = "<group>"; };
		401732861F2A220D0084C367 /* BaseVC.m */ = {isa = PBXFileReference; fileEncoding = 4; lastKnownFileType = sourcecode.c.objc; path = BaseVC.m; sourceTree = "<group>"; };
		401732871F2A220D0084C367 /* Constants.h */ = {isa = PBXFileReference; fileEncoding = 4; lastKnownFileType = sourcecode.c.h; path = Constants.h; sourceTree = "<group>"; };
		401732881F2A220D0084C367 /* LocalizationSystem.h */ = {isa = PBXFileReference; fileEncoding = 4; lastKnownFileType = sourcecode.c.h; path = LocalizationSystem.h; sourceTree = "<group>"; };
		401732891F2A220D0084C367 /* LocalizationSystem.m */ = {isa = PBXFileReference; fileEncoding = 4; lastKnownFileType = sourcecode.c.objc; path = LocalizationSystem.m; sourceTree = "<group>"; };
		4017328A1F2A220D0084C367 /* LocalizeButton.h */ = {isa = PBXFileReference; fileEncoding = 4; lastKnownFileType = sourcecode.c.h; path = LocalizeButton.h; sourceTree = "<group>"; };
		4017328B1F2A220D0084C367 /* LocalizeButton.m */ = {isa = PBXFileReference; fileEncoding = 4; lastKnownFileType = sourcecode.c.objc; path = LocalizeButton.m; sourceTree = "<group>"; };
		4017328C1F2A220D0084C367 /* LocalizeButton2.h */ = {isa = PBXFileReference; fileEncoding = 4; lastKnownFileType = sourcecode.c.h; path = LocalizeButton2.h; sourceTree = "<group>"; };
		4017328D1F2A220D0084C367 /* LocalizeButton2.m */ = {isa = PBXFileReference; fileEncoding = 4; lastKnownFileType = sourcecode.c.objc; path = LocalizeButton2.m; sourceTree = "<group>"; };
		4017328E1F2A220D0084C367 /* LocalizeLabel.h */ = {isa = PBXFileReference; fileEncoding = 4; lastKnownFileType = sourcecode.c.h; path = LocalizeLabel.h; sourceTree = "<group>"; };
		4017328F1F2A220D0084C367 /* LocalizeLabel.m */ = {isa = PBXFileReference; fileEncoding = 4; lastKnownFileType = sourcecode.c.objc; path = LocalizeLabel.m; sourceTree = "<group>"; };
		401732901F2A220D0084C367 /* MKNumberBadgeView.h */ = {isa = PBXFileReference; fileEncoding = 4; lastKnownFileType = sourcecode.c.h; path = MKNumberBadgeView.h; sourceTree = "<group>"; };
		401732911F2A220D0084C367 /* MKNumberBadgeView.m */ = {isa = PBXFileReference; fileEncoding = 4; lastKnownFileType = sourcecode.c.objc; path = MKNumberBadgeView.m; sourceTree = "<group>"; };
		401732921F2A220D0084C367 /* Reachability.h */ = {isa = PBXFileReference; fileEncoding = 4; lastKnownFileType = sourcecode.c.h; path = Reachability.h; sourceTree = "<group>"; };
		401732931F2A220D0084C367 /* Reachability.m */ = {isa = PBXFileReference; fileEncoding = 4; lastKnownFileType = sourcecode.c.objc; path = Reachability.m; sourceTree = "<group>"; };
		401732941F2A220D0084C367 /* RoundedTextField.h */ = {isa = PBXFileReference; fileEncoding = 4; lastKnownFileType = sourcecode.c.h; path = RoundedTextField.h; sourceTree = "<group>"; };
		401732951F2A220D0084C367 /* RoundedTextField.m */ = {isa = PBXFileReference; fileEncoding = 4; lastKnownFileType = sourcecode.c.objc; path = RoundedTextField.m; sourceTree = "<group>"; };
		401732A01F2A226F0084C367 /* AsyncImageView.h */ = {isa = PBXFileReference; fileEncoding = 4; lastKnownFileType = sourcecode.c.h; path = AsyncImageView.h; sourceTree = "<group>"; };
		401732A11F2A226F0084C367 /* AsyncImageView.m */ = {isa = PBXFileReference; fileEncoding = 4; lastKnownFileType = sourcecode.c.objc; path = AsyncImageView.m; sourceTree = "<group>"; };
		401732A41F2A23470084C367 /* CartCell.h */ = {isa = PBXFileReference; fileEncoding = 4; lastKnownFileType = sourcecode.c.h; path = CartCell.h; sourceTree = "<group>"; };
		401732A51F2A23470084C367 /* CartCell.m */ = {isa = PBXFileReference; fileEncoding = 4; lastKnownFileType = sourcecode.c.objc; path = CartCell.m; sourceTree = "<group>"; };
		401732A61F2A23470084C367 /* CartVC.h */ = {isa = PBXFileReference; fileEncoding = 4; lastKnownFileType = sourcecode.c.h; path = CartVC.h; sourceTree = "<group>"; };
		401732A71F2A23470084C367 /* CartVC.m */ = {isa = PBXFileReference; fileEncoding = 4; lastKnownFileType = sourcecode.c.objc; path = CartVC.m; sourceTree = "<group>"; };
		4023C52F1F32DDCE0045DBF8 /* ThanksScreenVC.h */ = {isa = PBXFileReference; fileEncoding = 4; lastKnownFileType = sourcecode.c.h; name = ThanksScreenVC.h; path = Delivery/ThanksScreenVC.h; sourceTree = "<group>"; };
		4023C5301F32DDCE0045DBF8 /* ThanksScreenVC.m */ = {isa = PBXFileReference; fileEncoding = 4; lastKnownFileType = sourcecode.c.objc; name = ThanksScreenVC.m; path = Delivery/ThanksScreenVC.m; sourceTree = "<group>"; };
		4048FB1F1F319848004666D9 /* InfoPagesVC.h */ = {isa = PBXFileReference; fileEncoding = 4; lastKnownFileType = sourcecode.c.h; name = InfoPagesVC.h; path = InfoPages/InfoPagesVC.h; sourceTree = "<group>"; };
		4048FB201F319848004666D9 /* InfoPagesVC.m */ = {isa = PBXFileReference; fileEncoding = 4; lastKnownFileType = sourcecode.c.objc; name = InfoPagesVC.m; path = InfoPages/InfoPagesVC.m; sourceTree = "<group>"; };
		4048FB221F31D3C1004666D9 /* radio_checked.png */ = {isa = PBXFileReference; lastKnownFileType = image.png; path = radio_checked.png; sourceTree = "<group>"; };
		4048FB231F31D3C1004666D9 /* radio.png */ = {isa = PBXFileReference; lastKnownFileType = image.png; path = radio.png; sourceTree = "<group>"; };
		4048FB261F32194A004666D9 /* ConfirmDeliveryVC.h */ = {isa = PBXFileReference; fileEncoding = 4; lastKnownFileType = sourcecode.c.h; name = ConfirmDeliveryVC.h; path = Delivery/ConfirmDeliveryVC.h; sourceTree = "<group>"; };
		4048FB271F32194A004666D9 /* ConfirmDeliveryVC.m */ = {isa = PBXFileReference; fileEncoding = 4; lastKnownFileType = sourcecode.c.objc; name = ConfirmDeliveryVC.m; path = Delivery/ConfirmDeliveryVC.m; sourceTree = "<group>"; };
		4049584D1F2F07C50008C7C1 /* ic_change_password.png */ = {isa = PBXFileReference; lastKnownFileType = image.png; path = ic_change_password.png; sourceTree = "<group>"; };
		4049584E1F2F07C50008C7C1 /* ic_exit.png */ = {isa = PBXFileReference; lastKnownFileType = image.png; path = ic_exit.png; sourceTree = "<group>"; };
		4049584F1F2F07C50008C7C1 /* ic_less.png */ = {isa = PBXFileReference; lastKnownFileType = image.png; path = ic_less.png; sourceTree = "<group>"; };
		404958501F2F07C50008C7C1 /* ic_more.png */ = {isa = PBXFileReference; lastKnownFileType = image.png; path = ic_more.png; sourceTree = "<group>"; };
		404958511F2F07C50008C7C1 /* ic_nav_about.png */ = {isa = PBXFileReference; lastKnownFileType = image.png; path = ic_nav_about.png; sourceTree = "<group>"; };
		404958521F2F07C50008C7C1 /* ic_nav_home.png */ = {isa = PBXFileReference; lastKnownFileType = image.png; path = ic_nav_home.png; sourceTree = "<group>"; };
		404958531F2F07C50008C7C1 /* ic_nav_order.png */ = {isa = PBXFileReference; lastKnownFileType = image.png; path = ic_nav_order.png; sourceTree = "<group>"; };
		404958541F2F07C50008C7C1 /* ic_nav_policy.png */ = {isa = PBXFileReference; lastKnownFileType = image.png; path = ic_nav_policy.png; sourceTree = "<group>"; };
		404958551F2F07C50008C7C1 /* ic_nav_profile.png */ = {isa = PBXFileReference; lastKnownFileType = image.png; path = ic_nav_profile.png; sourceTree = "<group>"; };
		404958561F2F07C50008C7C1 /* ic_nav_review.png */ = {isa = PBXFileReference; lastKnownFileType = image.png; path = ic_nav_review.png; sourceTree = "<group>"; };
		404958571F2F07C50008C7C1 /* ic_nav_share.png */ = {isa = PBXFileReference; lastKnownFileType = image.png; path = ic_nav_share.png; sourceTree = "<group>"; };
		404958581F2F07C50008C7C1 /* ic_nav_support.png */ = {isa = PBXFileReference; lastKnownFileType = image.png; path = ic_nav_support.png; sourceTree = "<group>"; };
		404958591F2F07C50008C7C1 /* ic_notification.png */ = {isa = PBXFileReference; lastKnownFileType = image.png; path = ic_notification.png; sourceTree = "<group>"; };
		4049585A1F2F07C50008C7C1 /* ic_remove.png */ = {isa = PBXFileReference; lastKnownFileType = image.png; path = ic_remove.png; sourceTree = "<group>"; };
		4049585B1F2F07C50008C7C1 /* ic_search.png */ = {isa = PBXFileReference; lastKnownFileType = image.png; path = ic_search.png; sourceTree = "<group>"; };
		4049585C1F2F07C50008C7C1 /* ic_timeslot_07.png */ = {isa = PBXFileReference; lastKnownFileType = image.png; path = ic_timeslot_07.png; sourceTree = "<group>"; };
		4049585D1F2F07C50008C7C1 /* ic_timeslot_17.png */ = {isa = PBXFileReference; lastKnownFileType = image.png; path = ic_timeslot_17.png; sourceTree = "<group>"; };
		4049585E1F2F07C50008C7C1 /* ic_timeslot_27.png */ = {isa = PBXFileReference; lastKnownFileType = image.png; path = ic_timeslot_27.png; sourceTree = "<group>"; };
		4049585F1F2F07C50008C7C1 /* arrow_right.png */ = {isa = PBXFileReference; lastKnownFileType = image.png; path = arrow_right.png; sourceTree = "<group>"; };
		404958601F2F07C50008C7C1 /* cart.png */ = {isa = PBXFileReference; lastKnownFileType = image.png; path = cart.png; sourceTree = "<group>"; };
		404958761F2F37650008C7C1 /* LeftMenuViewController.h */ = {isa = PBXFileReference; fileEncoding = 4; lastKnownFileType = sourcecode.c.h; path = LeftMenuViewController.h; sourceTree = "<group>"; };
		404958771F2F37650008C7C1 /* LeftMenuViewController.m */ = {isa = PBXFileReference; fileEncoding = 4; lastKnownFileType = sourcecode.c.objc; path = LeftMenuViewController.m; sourceTree = "<group>"; };
		4049587A1F2F49170008C7C1 /* ChoosetimeVC.h */ = {isa = PBXFileReference; fileEncoding = 4; lastKnownFileType = sourcecode.c.h; path = ChoosetimeVC.h; sourceTree = "<group>"; };
		4049587B1F2F49170008C7C1 /* ChoosetimeVC.m */ = {isa = PBXFileReference; fileEncoding = 4; lastKnownFileType = sourcecode.c.objc; path = ChoosetimeVC.m; sourceTree = "<group>"; };
		4049587C1F2F49170008C7C1 /* TimeslotCell.h */ = {isa = PBXFileReference; fileEncoding = 4; lastKnownFileType = sourcecode.c.h; path = TimeslotCell.h; sourceTree = "<group>"; };
		4049587D1F2F49170008C7C1 /* TimeslotCell.m */ = {isa = PBXFileReference; fileEncoding = 4; lastKnownFileType = sourcecode.c.objc; path = TimeslotCell.m; sourceTree = "<group>"; };
		404958801F2F49670008C7C1 /* CalenderVC.h */ = {isa = PBXFileReference; fileEncoding = 4; lastKnownFileType = sourcecode.c.h; path = CalenderVC.h; sourceTree = "<group>"; };
		404958811F2F49670008C7C1 /* CalenderVC.m */ = {isa = PBXFileReference; fileEncoding = 4; lastKnownFileType = sourcecode.c.objc; path = CalenderVC.m; sourceTree = "<group>"; };
		404958841F2F7C150008C7C1 /* ChooseSocityVC.h */ = {isa = PBXFileReference; fileEncoding = 4; lastKnownFileType = sourcecode.c.h; name = ChooseSocityVC.h; path = Address/ChooseSocityVC.h; sourceTree = "<group>"; };
		404958851F2F7C150008C7C1 /* ChooseSocityVC.m */ = {isa = PBXFileReference; fileEncoding = 4; lastKnownFileType = sourcecode.c.objc; name = ChooseSocityVC.m; path = Address/ChooseSocityVC.m; sourceTree = "<group>"; };
		404958871F2F7CD90008C7C1 /* LocalityCell.h */ = {isa = PBXFileReference; fileEncoding = 4; lastKnownFileType = sourcecode.c.h; name = LocalityCell.h; path = Cells/LocalityCell.h; sourceTree = "<group>"; };
		404958881F2F7CD90008C7C1 /* LocalityCell.m */ = {isa = PBXFileReference; fileEncoding = 4; lastKnownFileType = sourcecode.c.objc; name = LocalityCell.m; path = Cells/LocalityCell.m; sourceTree = "<group>"; };
		4049588A1F2F7E6B0008C7C1 /* AddAddressVC.h */ = {isa = PBXFileReference; fileEncoding = 4; lastKnownFileType = sourcecode.c.h; name = AddAddressVC.h; path = Address/AddAddressVC.h; sourceTree = "<group>"; };
		4049588B1F2F7E6B0008C7C1 /* AddAddressVC.m */ = {isa = PBXFileReference; fileEncoding = 4; lastKnownFileType = sourcecode.c.objc; name = AddAddressVC.m; path = Address/AddAddressVC.m; sourceTree = "<group>"; };
		4049588D1F2F82150008C7C1 /* DeliveryDetailsVC.h */ = {isa = PBXFileReference; fileEncoding = 4; lastKnownFileType = sourcecode.c.h; name = DeliveryDetailsVC.h; path = SendOrder/DeliveryDetailsVC.h; sourceTree = "<group>"; };
		4049588E1F2F82150008C7C1 /* DeliveryDetailsVC.m */ = {isa = PBXFileReference; fileEncoding = 4; lastKnownFileType = sourcecode.c.objc; name = DeliveryDetailsVC.m; path = SendOrder/DeliveryDetailsVC.m; sourceTree = "<group>"; };
		409FE2A51F34766F0068A37B /* search_icon.png */ = {isa = PBXFileReference; lastKnownFileType = image.png; path = search_icon.png; sourceTree = "<group>"; };
		409FE2A71F347F330068A37B /* SearchVC.h */ = {isa = PBXFileReference; fileEncoding = 4; lastKnownFileType = sourcecode.c.h; name = SearchVC.h; path = ProductList/SearchVC.h; sourceTree = "<group>"; };
		409FE2A81F347F330068A37B /* SearchVC.m */ = {isa = PBXFileReference; fileEncoding = 4; lastKnownFileType = sourcecode.c.objc; name = SearchVC.m; path = ProductList/SearchVC.m; sourceTree = "<group>"; };
		409FE2AA1F349D250068A37B /* 29.png */ = {isa = PBXFileReference; lastKnownFileType = image.png; path = 29.png; sourceTree = "<group>"; };
		409FE2AB1F349D250068A37B /* 40.png */ = {isa = PBXFileReference; lastKnownFileType = image.png; path = 40.png; sourceTree = "<group>"; };
		409FE2AC1F349D250068A37B /* 58.png */ = {isa = PBXFileReference; lastKnownFileType = image.png; path = 58.png; sourceTree = "<group>"; };
		409FE2AD1F349D250068A37B /* 60.png */ = {isa = PBXFileReference; lastKnownFileType = image.png; path = 60.png; sourceTree = "<group>"; };
		409FE2AE1F349D250068A37B /* 80.png */ = {isa = PBXFileReference; lastKnownFileType = image.png; path = 80.png; sourceTree = "<group>"; };
		409FE2AF1F349D250068A37B /* 87.png */ = {isa = PBXFileReference; lastKnownFileType = image.png; path = 87.png; sourceTree = "<group>"; };
		409FE2B01F349D250068A37B /* 114.png */ = {isa = PBXFileReference; lastKnownFileType = image.png; path = 114.png; sourceTree = "<group>"; };
		409FE2B11F349D250068A37B /* 120.png */ = {isa = PBXFileReference; lastKnownFileType = image.png; path = 120.png; sourceTree = "<group>"; };
		409FE2B21F349D250068A37B /* 180.png */ = {isa = PBXFileReference; lastKnownFileType = image.png; path = 180.png; sourceTree = "<group>"; };
		409FE2BC1F349D970068A37B /* 57.png */ = {isa = PBXFileReference; lastKnownFileType = image.png; path = 57.png; sourceTree = "<group>"; };
		409FE2BE1F349EF50068A37B /* Grocery Store.entitlements */ = {isa = PBXFileReference; lastKnownFileType = text.plist.entitlements; path = "Grocery Store.entitlements"; sourceTree = "<group>"; };
		409FE2BF1F34A0440068A37B /* GoogleService-Info.plist */ = {isa = PBXFileReference; fileEncoding = 4; lastKnownFileType = text.plist.xml; path = "GoogleService-Info.plist"; sourceTree = "<group>"; };
		40DC3FB81F2DA7A900C6B9B4 /* ProductPagerVC.h */ = {isa = PBXFileReference; fileEncoding = 4; lastKnownFileType = sourcecode.c.h; name = ProductPagerVC.h; path = ProductList/ProductPagerVC.h; sourceTree = "<group>"; };
		40DC3FB91F2DA7A900C6B9B4 /* ProductPagerVC.m */ = {isa = PBXFileReference; fileEncoding = 4; lastKnownFileType = sourcecode.c.objc; name = ProductPagerVC.m; path = ProductList/ProductPagerVC.m; sourceTree = "<group>"; };
		40DC3FBB1F2DA9D700C6B9B4 /* ProductListVC.h */ = {isa = PBXFileReference; fileEncoding = 4; lastKnownFileType = sourcecode.c.h; name = ProductListVC.h; path = ProductList/ProductListVC.h; sourceTree = "<group>"; };
		40DC3FBC1F2DA9D700C6B9B4 /* ProductListVC.m */ = {isa = PBXFileReference; fileEncoding = 4; lastKnownFileType = sourcecode.c.objc; name = ProductListVC.m; path = ProductList/ProductListVC.m; sourceTree = "<group>"; };
		40E61B3B1F2CA2490008EA60 /* Base */ = {isa = PBXFileReference; lastKnownFileType = text.plist.strings; name = Base; path = Base.lproj/Localizable.strings; sourceTree = "<group>"; };
		40E61B3D1F2CA24C0008EA60 /* en */ = {isa = PBXFileReference; lastKnownFileType = text.plist.strings; name = en; path = en.lproj/Localizable.strings; sourceTree = "<group>"; };
		40E61B3E1F2CA4850008EA60 /* CategoryCell.h */ = {isa = PBXFileReference; fileEncoding = 4; lastKnownFileType = sourcecode.c.h; name = CategoryCell.h; path = Cells/CategoryCell.h; sourceTree = "<group>"; };
		40E61B3F1F2CA4850008EA60 /* CategoryCell.m */ = {isa = PBXFileReference; fileEncoding = 4; lastKnownFileType = sourcecode.c.objc; name = CategoryCell.m; path = Cells/CategoryCell.m; sourceTree = "<group>"; };
		40F746091F3049B200CB2763 /* AddressCell.h */ = {isa = PBXFileReference; fileEncoding = 4; lastKnownFileType = sourcecode.c.h; name = AddressCell.h; path = Cells/AddressCell.h; sourceTree = "<group>"; };
		40F7460A1F3049B200CB2763 /* AddressCell.m */ = {isa = PBXFileReference; fileEncoding = 4; lastKnownFileType = sourcecode.c.objc; name = AddressCell.m; path = Cells/AddressCell.m; sourceTree = "<group>"; };
		40F7460D1F30512200CB2763 /* LoginVC.h */ = {isa = PBXFileReference; fileEncoding = 4; lastKnownFileType = sourcecode.c.h; path = LoginVC.h; sourceTree = "<group>"; };
		40F7460E1F30512200CB2763 /* LoginVC.m */ = {isa = PBXFileReference; fileEncoding = 4; lastKnownFileType = sourcecode.c.objc; path = LoginVC.m; sourceTree = "<group>"; };
		40F7460F1F30512200CB2763 /* RegisterVC.h */ = {isa = PBXFileReference; fileEncoding = 4; lastKnownFileType = sourcecode.c.h; path = RegisterVC.h; sourceTree = "<group>"; };
		40F746101F30512200CB2763 /* RegisterVC.m */ = {isa = PBXFileReference; fileEncoding = 4; lastKnownFileType = sourcecode.c.objc; path = RegisterVC.m; sourceTree = "<group>"; };
		40F746131F30605400CB2763 /* ic_launcher.png */ = {isa = PBXFileReference; lastKnownFileType = image.png; path = ic_launcher.png; sourceTree = "<group>"; };
		40F746161F30985400CB2763 /* ChangePasswordVC.h */ = {isa = PBXFileReference; fileEncoding = 4; lastKnownFileType = sourcecode.c.h; path = ChangePasswordVC.h; sourceTree = "<group>"; };
		40F746171F30985400CB2763 /* ChangePasswordVC.m */ = {isa = PBXFileReference; fileEncoding = 4; lastKnownFileType = sourcecode.c.objc; path = ChangePasswordVC.m; sourceTree = "<group>"; };
		40F7461A1F30985400CB2763 /* UpdateProfileVC.h */ = {isa = PBXFileReference; fileEncoding = 4; lastKnownFileType = sourcecode.c.h; path = UpdateProfileVC.h; sourceTree = "<group>"; };
		40F7461B1F30985400CB2763 /* UpdateProfileVC.m */ = {isa = PBXFileReference; fileEncoding = 4; lastKnownFileType = sourcecode.c.objc; path = UpdateProfileVC.m; sourceTree = "<group>"; };
		40F746221F309A3000CB2763 /* MyOrdersVC.m */ = {isa = PBXFileReference; fileEncoding = 4; lastKnownFileType = sourcecode.c.objc; path = MyOrdersVC.m; sourceTree = "<group>"; };
		40F746231F309A3000CB2763 /* MyOrdersVC.h */ = {isa = PBXFileReference; fileEncoding = 4; lastKnownFileType = sourcecode.c.h; path = MyOrdersVC.h; sourceTree = "<group>"; };
		40F746251F309A4700CB2763 /* MyOrderCell.h */ = {isa = PBXFileReference; fileEncoding = 4; lastKnownFileType = sourcecode.c.h; name = MyOrderCell.h; path = Cells/MyOrderCell.h; sourceTree = "<group>"; };
		40F746261F309A4700CB2763 /* MyOrderCell.m */ = {isa = PBXFileReference; fileEncoding = 4; lastKnownFileType = sourcecode.c.objc; name = MyOrderCell.m; path = Cells/MyOrderCell.m; sourceTree = "<group>"; };
		40F746281F30AE8E00CB2763 /* OrderDetailsVC.h */ = {isa = PBXFileReference; fileEncoding = 4; lastKnownFileType = sourcecode.c.h; path = OrderDetailsVC.h; sourceTree = "<group>"; };
		40F746291F30AE8E00CB2763 /* OrderDetailsVC.m */ = {isa = PBXFileReference; fileEncoding = 4; lastKnownFileType = sourcecode.c.objc; path = OrderDetailsVC.m; sourceTree = "<group>"; };
		40F7462B1F30B2BE00CB2763 /* OrderDetailsCell.h */ = {isa = PBXFileReference; fileEncoding = 4; lastKnownFileType = sourcecode.c.h; name = OrderDetailsCell.h; path = Cells/OrderDetailsCell.h; sourceTree = "<group>"; };
		40F7462C1F30B2BE00CB2763 /* OrderDetailsCell.m */ = {isa = PBXFileReference; fileEncoding = 4; lastKnownFileType = sourcecode.c.objc; name = OrderDetailsCell.m; path = Cells/OrderDetailsCell.m; sourceTree = "<group>"; };
		4ED6B8615120FC2B7893617C /* Pods_Grocery_Store.framework */ = {isa = PBXFileReference; explicitFileType = wrapper.framework; includeInIndex = 0; path = Pods_Grocery_Store.framework; sourceTree = BUILT_PRODUCTS_DIR; };
		89F417C958CED261CA0B0591 /* Pods-Grocery Store.debug.xcconfig */ = {isa = PBXFileReference; includeInIndex = 1; lastKnownFileType = text.xcconfig; name = "Pods-Grocery Store.debug.xcconfig"; path = "Pods/Target Support Files/Pods-Grocery Store/Pods-Grocery Store.debug.xcconfig"; sourceTree = "<group>"; };
		D22DBE3A60624F2977E75943 /* Pods-Grocery Store.release.xcconfig */ = {isa = PBXFileReference; includeInIndex = 1; lastKnownFileType = text.xcconfig; name = "Pods-Grocery Store.release.xcconfig"; path = "Pods/Target Support Files/Pods-Grocery Store/Pods-Grocery Store.release.xcconfig"; sourceTree = "<group>"; };
/* End PBXFileReference section */

/* Begin PBXFrameworksBuildPhase section */
		401732471F2A1A5E0084C367 /* Frameworks */ = {
			isa = PBXFrameworksBuildPhase;
			buildActionMask = 2147483647;
			files = (
				1FBCE860826778FD72FAC8CC /* Pods_Grocery_Store.framework in Frameworks */,
			);
			runOnlyForDeploymentPostprocessing = 0;
		};
		401732601F2A1A5E0084C367 /* Frameworks */ = {
			isa = PBXFrameworksBuildPhase;
			buildActionMask = 2147483647;
			files = (
			);
			runOnlyForDeploymentPostprocessing = 0;
		};
		4017326B1F2A1A5E0084C367 /* Frameworks */ = {
			isa = PBXFrameworksBuildPhase;
			buildActionMask = 2147483647;
			files = (
			);
			runOnlyForDeploymentPostprocessing = 0;
		};
/* End PBXFrameworksBuildPhase section */

/* Begin PBXGroup section */
		0B7379DD98F3F8B69955C3A7 /* Frameworks */ = {
			isa = PBXGroup;
			children = (
				4ED6B8615120FC2B7893617C /* Pods_Grocery_Store.framework */,
			);
			name = Frameworks;
			sourceTree = "<group>";
		};
		401732411F2A1A5E0084C367 = {
			isa = PBXGroup;
			children = (
				4017324C1F2A1A5E0084C367 /* Grocery Store */,
				401732661F2A1A5E0084C367 /* Grocery StoreTests */,
				401732711F2A1A5E0084C367 /* Grocery StoreUITests */,
				4017324B1F2A1A5E0084C367 /* Products */,
				4B3C62BCCB9B9AD53527395A /* Pods */,
				0B7379DD98F3F8B69955C3A7 /* Frameworks */,
			);
			sourceTree = "<group>";
		};
		4017324B1F2A1A5E0084C367 /* Products */ = {
			isa = PBXGroup;
			children = (
				4017324A1F2A1A5E0084C367 /* Grocery Store.app */,
				401732631F2A1A5E0084C367 /* Grocery StoreTests.xctest */,
				4017326E1F2A1A5E0084C367 /* Grocery StoreUITests.xctest */,
			);
			name = Products;
			sourceTree = "<group>";
		};
		4017324C1F2A1A5E0084C367 /* Grocery Store */ = {
			isa = PBXGroup;
			children = (
				409FE2BF1F34A0440068A37B /* GoogleService-Info.plist */,
				409FE2BE1F349EF50068A37B /* Grocery Store.entitlements */,
				4048FB1E1F31981F004666D9 /* InfoPages */,
				40F746151F30985400CB2763 /* UserMenu */,
				40F7460C1F30512200CB2763 /* Login */,
				404958831F2F7B830008C7C1 /* Address */,
				404958791F2F49170008C7C1 /* Timeslot */,
				404958751F2F37650008C7C1 /* DrawerMenu */,
				4049584C1F2F07BD0008C7C1 /* icons */,
				40DC3FB41F2DA5A700C6B9B4 /* ProductList */,
				40E61B371F2CA2030008EA60 /* Languages */,
				40E61B331F2CA14C0008EA60 /* Cells */,
				401732A31F2A23470084C367 /* CartVC */,
				401732801F2A220D0084C367 /* BaseVC */,
				401732501F2A1A5E0084C367 /* AppDelegate.h */,
				401732511F2A1A5E0084C367 /* AppDelegate.m */,
				401732531F2A1A5E0084C367 /* ViewController.h */,
				401732541F2A1A5E0084C367 /* ViewController.m */,
				401732561F2A1A5E0084C367 /* Main.storyboard */,
				401732591F2A1A5E0084C367 /* Assets.xcassets */,
				4017325B1F2A1A5E0084C367 /* LaunchScreen.storyboard */,
				4017325E1F2A1A5E0084C367 /* Info.plist */,
				4017324D1F2A1A5E0084C367 /* Supporting Files */,
			);
			path = "Grocery Store";
			sourceTree = "<group>";
		};
		4017324D1F2A1A5E0084C367 /* Supporting Files */ = {
			isa = PBXGroup;
			children = (
				4017324E1F2A1A5E0084C367 /* main.m */,
			);
			name = "Supporting Files";
			sourceTree = "<group>";
		};
		401732661F2A1A5E0084C367 /* Grocery StoreTests */ = {
			isa = PBXGroup;
			children = (
				401732671F2A1A5E0084C367 /* Grocery_StoreTests.m */,
				401732691F2A1A5E0084C367 /* Info.plist */,
			);
			path = "Grocery StoreTests";
			sourceTree = "<group>";
		};
		401732711F2A1A5E0084C367 /* Grocery StoreUITests */ = {
			isa = PBXGroup;
			children = (
				401732721F2A1A5E0084C367 /* Grocery_StoreUITests.m */,
				401732741F2A1A5E0084C367 /* Info.plist */,
			);
			path = "Grocery StoreUITests";
			sourceTree = "<group>";
		};
		401732801F2A220D0084C367 /* BaseVC */ = {
			isa = PBXGroup;
			children = (
				4017329F1F2A226F0084C367 /* AsyncImageView */,
				401732811F2A220D0084C367 /* API_Parameters.h */,
				401732821F2A220D0084C367 /* API_Settings.h */,
				401732831F2A220D0084C367 /* BaseCart.h */,
				401732841F2A220D0084C367 /* BaseCart.m */,
				401732851F2A220D0084C367 /* BaseVC.h */,
				401732861F2A220D0084C367 /* BaseVC.m */,
				401732871F2A220D0084C367 /* Constants.h */,
				401732881F2A220D0084C367 /* LocalizationSystem.h */,
				401732891F2A220D0084C367 /* LocalizationSystem.m */,
				4017328A1F2A220D0084C367 /* LocalizeButton.h */,
				4017328B1F2A220D0084C367 /* LocalizeButton.m */,
				4017328C1F2A220D0084C367 /* LocalizeButton2.h */,
				4017328D1F2A220D0084C367 /* LocalizeButton2.m */,
				4017328E1F2A220D0084C367 /* LocalizeLabel.h */,
				4017328F1F2A220D0084C367 /* LocalizeLabel.m */,
				401732901F2A220D0084C367 /* MKNumberBadgeView.h */,
				401732911F2A220D0084C367 /* MKNumberBadgeView.m */,
				401732921F2A220D0084C367 /* Reachability.h */,
				401732931F2A220D0084C367 /* Reachability.m */,
				401732941F2A220D0084C367 /* RoundedTextField.h */,
				401732951F2A220D0084C367 /* RoundedTextField.m */,
			);
			path = BaseVC;
			sourceTree = "<group>";
		};
		4017329F1F2A226F0084C367 /* AsyncImageView */ = {
			isa = PBXGroup;
			children = (
				401732A01F2A226F0084C367 /* AsyncImageView.h */,
				401732A11F2A226F0084C367 /* AsyncImageView.m */,
			);
			path = AsyncImageView;
			sourceTree = "<group>";
		};
		401732A31F2A23470084C367 /* CartVC */ = {
			isa = PBXGroup;
			children = (
				401732A41F2A23470084C367 /* CartCell.h */,
				401732A51F2A23470084C367 /* CartCell.m */,
				401732A61F2A23470084C367 /* CartVC.h */,
				401732A71F2A23470084C367 /* CartVC.m */,
			);
			path = CartVC;
			sourceTree = "<group>";
		};
		4048FB1E1F31981F004666D9 /* InfoPages */ = {
			isa = PBXGroup;
			children = (
				4048FB1F1F319848004666D9 /* InfoPagesVC.h */,
				4048FB201F319848004666D9 /* InfoPagesVC.m */,
			);
			name = InfoPages;
			sourceTree = "<group>";
		};
		4049584C1F2F07BD0008C7C1 /* icons */ = {
			isa = PBXGroup;
			children = (
				409FE2BC1F349D970068A37B /* 57.png */,
				409FE2AA1F349D250068A37B /* 29.png */,
				409FE2AB1F349D250068A37B /* 40.png */,
				409FE2AC1F349D250068A37B /* 58.png */,
				409FE2AD1F349D250068A37B /* 60.png */,
				409FE2AE1F349D250068A37B /* 80.png */,
				409FE2AF1F349D250068A37B /* 87.png */,
				409FE2B01F349D250068A37B /* 114.png */,
				409FE2B11F349D250068A37B /* 120.png */,
				409FE2B21F349D250068A37B /* 180.png */,
				409FE2A51F34766F0068A37B /* search_icon.png */,
				4048FB221F31D3C1004666D9 /* radio_checked.png */,
				4048FB231F31D3C1004666D9 /* radio.png */,
				40F746131F30605400CB2763 /* ic_launcher.png */,
				4049584D1F2F07C50008C7C1 /* ic_change_password.png */,
				4049584E1F2F07C50008C7C1 /* ic_exit.png */,
				4049584F1F2F07C50008C7C1 /* ic_less.png */,
				404958501F2F07C50008C7C1 /* ic_more.png */,
				404958511F2F07C50008C7C1 /* ic_nav_about.png */,
				404958521F2F07C50008C7C1 /* ic_nav_home.png */,
				404958531F2F07C50008C7C1 /* ic_nav_order.png */,
				404958541F2F07C50008C7C1 /* ic_nav_policy.png */,
				404958551F2F07C50008C7C1 /* ic_nav_profile.png */,
				404958561F2F07C50008C7C1 /* ic_nav_review.png */,
				404958571F2F07C50008C7C1 /* ic_nav_share.png */,
				404958581F2F07C50008C7C1 /* ic_nav_support.png */,
				404958591F2F07C50008C7C1 /* ic_notification.png */,
				4049585A1F2F07C50008C7C1 /* ic_remove.png */,
				4049585B1F2F07C50008C7C1 /* ic_search.png */,
				4049585C1F2F07C50008C7C1 /* ic_timeslot_07.png */,
				4049585D1F2F07C50008C7C1 /* ic_timeslot_17.png */,
				4049585E1F2F07C50008C7C1 /* ic_timeslot_27.png */,
				4049585F1F2F07C50008C7C1 /* arrow_right.png */,
				404958601F2F07C50008C7C1 /* cart.png */,
			);
			path = icons;
			sourceTree = "<group>";
		};
		404958751F2F37650008C7C1 /* DrawerMenu */ = {
			isa = PBXGroup;
			children = (
				404958761F2F37650008C7C1 /* LeftMenuViewController.h */,
				404958771F2F37650008C7C1 /* LeftMenuViewController.m */,
			);
			path = DrawerMenu;
			sourceTree = "<group>";
		};
		404958791F2F49170008C7C1 /* Timeslot */ = {
			isa = PBXGroup;
			children = (
				404958801F2F49670008C7C1 /* CalenderVC.h */,
				404958811F2F49670008C7C1 /* CalenderVC.m */,
				4049587A1F2F49170008C7C1 /* ChoosetimeVC.h */,
				4049587B1F2F49170008C7C1 /* ChoosetimeVC.m */,
				4049587C1F2F49170008C7C1 /* TimeslotCell.h */,
				4049587D1F2F49170008C7C1 /* TimeslotCell.m */,
			);
			path = Timeslot;
			sourceTree = "<group>";
		};
		404958831F2F7B830008C7C1 /* Address */ = {
			isa = PBXGroup;
			children = (
				404958841F2F7C150008C7C1 /* ChooseSocityVC.h */,
				404958851F2F7C150008C7C1 /* ChooseSocityVC.m */,
				4049588A1F2F7E6B0008C7C1 /* AddAddressVC.h */,
				4049588B1F2F7E6B0008C7C1 /* AddAddressVC.m */,
				4049588D1F2F82150008C7C1 /* DeliveryDetailsVC.h */,
				4049588E1F2F82150008C7C1 /* DeliveryDetailsVC.m */,
				4048FB261F32194A004666D9 /* ConfirmDeliveryVC.h */,
				4048FB271F32194A004666D9 /* ConfirmDeliveryVC.m */,
				4023C52F1F32DDCE0045DBF8 /* ThanksScreenVC.h */,
				4023C5301F32DDCE0045DBF8 /* ThanksScreenVC.m */,
			);
			name = Address;
			sourceTree = "<group>";
		};
		40DC3FB41F2DA5A700C6B9B4 /* ProductList */ = {
			isa = PBXGroup;
			children = (
				40DC3FB81F2DA7A900C6B9B4 /* ProductPagerVC.h */,
				40DC3FB91F2DA7A900C6B9B4 /* ProductPagerVC.m */,
				40DC3FBB1F2DA9D700C6B9B4 /* ProductListVC.h */,
				40DC3FBC1F2DA9D700C6B9B4 /* ProductListVC.m */,
				409FE2A71F347F330068A37B /* SearchVC.h */,
				409FE2A81F347F330068A37B /* SearchVC.m */,
			);
			name = ProductList;
			sourceTree = "<group>";
		};
		40E61B331F2CA14C0008EA60 /* Cells */ = {
			isa = PBXGroup;
			children = (
				40F746251F309A4700CB2763 /* MyOrderCell.h */,
				40F746261F309A4700CB2763 /* MyOrderCell.m */,
				40F746091F3049B200CB2763 /* AddressCell.h */,
				40F7460A1F3049B200CB2763 /* AddressCell.m */,
				404958871F2F7CD90008C7C1 /* LocalityCell.h */,
				404958881F2F7CD90008C7C1 /* LocalityCell.m */,
				40E61B3E1F2CA4850008EA60 /* CategoryCell.h */,
				40E61B3F1F2CA4850008EA60 /* CategoryCell.m */,
				40F7462B1F30B2BE00CB2763 /* OrderDetailsCell.h */,
				40F7462C1F30B2BE00CB2763 /* OrderDetailsCell.m */,
			);
			name = Cells;
			sourceTree = "<group>";
		};
		40E61B371F2CA2030008EA60 /* Languages */ = {
			isa = PBXGroup;
			children = (
				40E61B3C1F2CA2490008EA60 /* Localizable.strings */,
			);
			name = Languages;
			sourceTree = "<group>";
		};
		40F7460C1F30512200CB2763 /* Login */ = {
			isa = PBXGroup;
			children = (
				40F7460D1F30512200CB2763 /* LoginVC.h */,
				40F7460E1F30512200CB2763 /* LoginVC.m */,
				40F7460F1F30512200CB2763 /* RegisterVC.h */,
				40F746101F30512200CB2763 /* RegisterVC.m */,
			);
			path = Login;
			sourceTree = "<group>";
		};
		40F746151F30985400CB2763 /* UserMenu */ = {
			isa = PBXGroup;
			children = (
				40F746221F309A3000CB2763 /* MyOrdersVC.m */,
				40F746231F309A3000CB2763 /* MyOrdersVC.h */,
				40F746161F30985400CB2763 /* ChangePasswordVC.h */,
				40F746171F30985400CB2763 /* ChangePasswordVC.m */,
				40F7461A1F30985400CB2763 /* UpdateProfileVC.h */,
				40F7461B1F30985400CB2763 /* UpdateProfileVC.m */,
				40F746281F30AE8E00CB2763 /* OrderDetailsVC.h */,
				40F746291F30AE8E00CB2763 /* OrderDetailsVC.m */,
			);
			path = UserMenu;
			sourceTree = "<group>";
		};
		4B3C62BCCB9B9AD53527395A /* Pods */ = {
			isa = PBXGroup;
			children = (
				89F417C958CED261CA0B0591 /* Pods-Grocery Store.debug.xcconfig */,
				D22DBE3A60624F2977E75943 /* Pods-Grocery Store.release.xcconfig */,
			);
			name = Pods;
			sourceTree = "<group>";
		};
/* End PBXGroup section */

/* Begin PBXNativeTarget section */
		401732491F2A1A5E0084C367 /* Grocery Store */ = {
			isa = PBXNativeTarget;
			buildConfigurationList = 401732771F2A1A5E0084C367 /* Build configuration list for PBXNativeTarget "Grocery Store" */;
			buildPhases = (
				6D65C86C6E7AADAB9F6C2E4A /* [CP] Check Pods Manifest.lock */,
				401732461F2A1A5E0084C367 /* Sources */,
				401732471F2A1A5E0084C367 /* Frameworks */,
				401732481F2A1A5E0084C367 /* Resources */,
				716A198F39F075076E5C05E9 /* [CP] Embed Pods Frameworks */,
				A0986DE51D3E1FED47F943E8 /* [CP] Copy Pods Resources */,
			);
			buildRules = (
			);
			dependencies = (
			);
			name = "Grocery Store";
			productName = "Grocery Store";
			productReference = 4017324A1F2A1A5E0084C367 /* Grocery Store.app */;
			productType = "com.apple.product-type.application";
		};
		401732621F2A1A5E0084C367 /* Grocery StoreTests */ = {
			isa = PBXNativeTarget;
			buildConfigurationList = 4017327A1F2A1A5E0084C367 /* Build configuration list for PBXNativeTarget "Grocery StoreTests" */;
			buildPhases = (
				4017325F1F2A1A5E0084C367 /* Sources */,
				401732601F2A1A5E0084C367 /* Frameworks */,
				401732611F2A1A5E0084C367 /* Resources */,
			);
			buildRules = (
			);
			dependencies = (
				401732651F2A1A5E0084C367 /* PBXTargetDependency */,
			);
			name = "Grocery StoreTests";
			productName = "Grocery StoreTests";
			productReference = 401732631F2A1A5E0084C367 /* Grocery StoreTests.xctest */;
			productType = "com.apple.product-type.bundle.unit-test";
		};
		4017326D1F2A1A5E0084C367 /* Grocery StoreUITests */ = {
			isa = PBXNativeTarget;
			buildConfigurationList = 4017327D1F2A1A5E0084C367 /* Build configuration list for PBXNativeTarget "Grocery StoreUITests" */;
			buildPhases = (
				4017326A1F2A1A5E0084C367 /* Sources */,
				4017326B1F2A1A5E0084C367 /* Frameworks */,
				4017326C1F2A1A5E0084C367 /* Resources */,
			);
			buildRules = (
			);
			dependencies = (
				401732701F2A1A5E0084C367 /* PBXTargetDependency */,
			);
			name = "Grocery StoreUITests";
			productName = "Grocery StoreUITests";
			productReference = 4017326E1F2A1A5E0084C367 /* Grocery StoreUITests.xctest */;
			productType = "com.apple.product-type.bundle.ui-testing";
		};
/* End PBXNativeTarget section */

/* Begin PBXProject section */
		401732421F2A1A5E0084C367 /* Project object */ = {
			isa = PBXProject;
			attributes = {
				LastUpgradeCheck = 0820;
				ORGANIZATIONNAME = Way;
				TargetAttributes = {
					401732491F2A1A5E0084C367 = {
						CreatedOnToolsVersion = 8.2.1;
						DevelopmentTeam = 2ZR54XZT4W;
						ProvisioningStyle = Automatic;
						SystemCapabilities = {
							com.apple.BackgroundModes = {
								enabled = 1;
							};
							com.apple.Push = {
								enabled = 1;
							};
						};
					};
					401732621F2A1A5E0084C367 = {
						CreatedOnToolsVersion = 8.2.1;
						ProvisioningStyle = Automatic;
						TestTargetID = 401732491F2A1A5E0084C367;
					};
					4017326D1F2A1A5E0084C367 = {
						CreatedOnToolsVersion = 8.2.1;
						ProvisioningStyle = Automatic;
						TestTargetID = 401732491F2A1A5E0084C367;
					};
				};
			};
			buildConfigurationList = 401732451F2A1A5E0084C367 /* Build configuration list for PBXProject "Grocery Store" */;
			compatibilityVersion = "Xcode 3.2";
			developmentRegion = English;
			hasScannedForEncodings = 0;
			knownRegions = (
				en,
				Base,
			);
			mainGroup = 401732411F2A1A5E0084C367;
			productRefGroup = 4017324B1F2A1A5E0084C367 /* Products */;
			projectDirPath = "";
			projectRoot = "";
			targets = (
				401732491F2A1A5E0084C367 /* Grocery Store */,
				401732621F2A1A5E0084C367 /* Grocery StoreTests */,
				4017326D1F2A1A5E0084C367 /* Grocery StoreUITests */,
			);
		};
/* End PBXProject section */

/* Begin PBXResourcesBuildPhase section */
		401732481F2A1A5E0084C367 /* Resources */ = {
			isa = PBXResourcesBuildPhase;
			buildActionMask = 2147483647;
			files = (
				404958661F2F07C50008C7C1 /* ic_nav_home.png in Resources */,
				4048FB251F31D3C1004666D9 /* radio.png in Resources */,
				409FE2B51F349D250068A37B /* 58.png in Resources */,
				4048FB241F31D3C1004666D9 /* radio_checked.png in Resources */,
				4049586C1F2F07C50008C7C1 /* ic_nav_support.png in Resources */,
				409FE2B91F349D250068A37B /* 114.png in Resources */,
				409FE2A61F34766F0068A37B /* search_icon.png in Resources */,
				409FE2B41F349D250068A37B /* 40.png in Resources */,
				4017325D1F2A1A5E0084C367 /* LaunchScreen.storyboard in Resources */,
				404958701F2F07C50008C7C1 /* ic_timeslot_07.png in Resources */,
				409FE2BB1F349D250068A37B /* 180.png in Resources */,
				404958611F2F07C50008C7C1 /* ic_change_password.png in Resources */,
				404958741F2F07C50008C7C1 /* cart.png in Resources */,
				4049586D1F2F07C50008C7C1 /* ic_notification.png in Resources */,
				4049586F1F2F07C50008C7C1 /* ic_search.png in Resources */,
				40E61B3A1F2CA2490008EA60 /* Localizable.strings in Resources */,
				404958671F2F07C50008C7C1 /* ic_nav_order.png in Resources */,
				404958721F2F07C50008C7C1 /* ic_timeslot_27.png in Resources */,
				409FE2B81F349D250068A37B /* 87.png in Resources */,
				4017325A1F2A1A5E0084C367 /* Assets.xcassets in Resources */,
				404958641F2F07C50008C7C1 /* ic_more.png in Resources */,
				409FE2B71F349D250068A37B /* 80.png in Resources */,
				409FE2BA1F349D250068A37B /* 120.png in Resources */,
				409FE2B31F349D250068A37B /* 29.png in Resources */,
				404958731F2F07C50008C7C1 /* arrow_right.png in Resources */,
				40F746141F30605400CB2763 /* ic_launcher.png in Resources */,
				409FE2C01F34A0440068A37B /* GoogleService-Info.plist in Resources */,
				404958691F2F07C50008C7C1 /* ic_nav_profile.png in Resources */,
				4049586B1F2F07C50008C7C1 /* ic_nav_share.png in Resources */,
				404958631F2F07C50008C7C1 /* ic_less.png in Resources */,
				404958711F2F07C50008C7C1 /* ic_timeslot_17.png in Resources */,
				404958651F2F07C50008C7C1 /* ic_nav_about.png in Resources */,
				409FE2BD1F349D970068A37B /* 57.png in Resources */,
				401732581F2A1A5E0084C367 /* Main.storyboard in Resources */,
				404958621F2F07C50008C7C1 /* ic_exit.png in Resources */,
				404958681F2F07C50008C7C1 /* ic_nav_policy.png in Resources */,
				4049586A1F2F07C50008C7C1 /* ic_nav_review.png in Resources */,
				4049586E1F2F07C50008C7C1 /* ic_remove.png in Resources */,
				409FE2B61F349D250068A37B /* 60.png in Resources */,
			);
			runOnlyForDeploymentPostprocessing = 0;
		};
		401732611F2A1A5E0084C367 /* Resources */ = {
			isa = PBXResourcesBuildPhase;
			buildActionMask = 2147483647;
			files = (
			);
			runOnlyForDeploymentPostprocessing = 0;
		};
		4017326C1F2A1A5E0084C367 /* Resources */ = {
			isa = PBXResourcesBuildPhase;
			buildActionMask = 2147483647;
			files = (
			);
			runOnlyForDeploymentPostprocessing = 0;
		};
/* End PBXResourcesBuildPhase section */

/* Begin PBXShellScriptBuildPhase section */
		6D65C86C6E7AADAB9F6C2E4A /* [CP] Check Pods Manifest.lock */ = {
			isa = PBXShellScriptBuildPhase;
			buildActionMask = 2147483647;
			files = (
			);
			inputPaths = (
				"${PODS_PODFILE_DIR_PATH}/Podfile.lock",
				"${PODS_ROOT}/Manifest.lock",
			);
			name = "[CP] Check Pods Manifest.lock";
			outputPaths = (
				"$(DERIVED_FILE_DIR)/Pods-Grocery Store-checkManifestLockResult.txt",
			);
			runOnlyForDeploymentPostprocessing = 0;
			shellPath = /bin/sh;
			shellScript = "diff \"${PODS_PODFILE_DIR_PATH}/Podfile.lock\" \"${PODS_ROOT}/Manifest.lock\" > /dev/null\nif [ $? != 0 ] ; then\n    # print error to STDERR\n    echo \"error: The sandbox is not in sync with the Podfile.lock. Run 'pod install' or update your CocoaPods installation.\" >&2\n    exit 1\nfi\n# This output is used by Xcode 'outputs' to avoid re-running this script phase.\necho \"SUCCESS\" > \"${SCRIPT_OUTPUT_FILE_0}\"\n";
			showEnvVarsInLog = 0;
		};
		716A198F39F075076E5C05E9 /* [CP] Embed Pods Frameworks */ = {
			isa = PBXShellScriptBuildPhase;
			buildActionMask = 2147483647;
			files = (
			);
			inputPaths = (
				"${SRCROOT}/Pods/Target Support Files/Pods-Grocery Store/Pods-Grocery Store-frameworks.sh",
				"${BUILT_PRODUCTS_DIR}/AFNetworking/AFNetworking.framework",
				"${BUILT_PRODUCTS_DIR}/GoogleToolboxForMac/GoogleToolboxForMac.framework",
				"${BUILT_PRODUCTS_DIR}/IQKeyboardManager/IQKeyboardManager.framework",
				"${BUILT_PRODUCTS_DIR}/JTCalendar/JTCalendar.framework",
				"${BUILT_PRODUCTS_DIR}/MBProgressHUD/MBProgressHUD.framework",
				"${BUILT_PRODUCTS_DIR}/Protobuf/Protobuf.framework",
				"${BUILT_PRODUCTS_DIR}/nanopb/nanopb.framework",
			);
			name = "[CP] Embed Pods Frameworks";
			outputPaths = (
				"${TARGET_BUILD_DIR}/${FRAMEWORKS_FOLDER_PATH}/AFNetworking.framework",
				"${TARGET_BUILD_DIR}/${FRAMEWORKS_FOLDER_PATH}/GoogleToolboxForMac.framework",
				"${TARGET_BUILD_DIR}/${FRAMEWORKS_FOLDER_PATH}/IQKeyboardManager.framework",
				"${TARGET_BUILD_DIR}/${FRAMEWORKS_FOLDER_PATH}/JTCalendar.framework",
				"${TARGET_BUILD_DIR}/${FRAMEWORKS_FOLDER_PATH}/MBProgressHUD.framework",
				"${TARGET_BUILD_DIR}/${FRAMEWORKS_FOLDER_PATH}/Protobuf.framework",
				"${TARGET_BUILD_DIR}/${FRAMEWORKS_FOLDER_PATH}/nanopb.framework",
			);
			runOnlyForDeploymentPostprocessing = 0;
			shellPath = /bin/sh;
			shellScript = "\"${SRCROOT}/Pods/Target Support Files/Pods-Grocery Store/Pods-Grocery Store-frameworks.sh\"\n";
			showEnvVarsInLog = 0;
		};
		A0986DE51D3E1FED47F943E8 /* [CP] Copy Pods Resources */ = {
			isa = PBXShellScriptBuildPhase;
			buildActionMask = 2147483647;
			files = (
			);
			inputPaths = (
			);
			name = "[CP] Copy Pods Resources";
			outputPaths = (
			);
			runOnlyForDeploymentPostprocessing = 0;
			shellPath = /bin/sh;
			shellScript = "\"${SRCROOT}/Pods/Target Support Files/Pods-Grocery Store/Pods-Grocery Store-resources.sh\"\n";
			showEnvVarsInLog = 0;
		};
/* End PBXShellScriptBuildPhase section */

/* Begin PBXSourcesBuildPhase section */
		401732461F2A1A5E0084C367 /* Sources */ = {
			isa = PBXSourcesBuildPhase;
			buildActionMask = 2147483647;
			files = (
				40F7462D1F30B2BE00CB2763 /* OrderDetailsCell.m in Sources */,
				401732551F2A1A5E0084C367 /* ViewController.m in Sources */,
				401732521F2A1A5E0084C367 /* AppDelegate.m in Sources */,
				404958891F2F7CD90008C7C1 /* LocalityCell.m in Sources */,
				40F7461C1F30985400CB2763 /* ChangePasswordVC.m in Sources */,
				401732961F2A220D0084C367 /* BaseCart.m in Sources */,
				401732A91F2A23470084C367 /* CartVC.m in Sources */,
				40DC3FBD1F2DA9D700C6B9B4 /* ProductListVC.m in Sources */,
				4049587F1F2F49170008C7C1 /* TimeslotCell.m in Sources */,
				4017329E1F2A220D0084C367 /* RoundedTextField.m in Sources */,
				4049587E1F2F49170008C7C1 /* ChoosetimeVC.m in Sources */,
				4049588F1F2F82150008C7C1 /* DeliveryDetailsVC.m in Sources */,
				404958861F2F7C150008C7C1 /* ChooseSocityVC.m in Sources */,
				40F746241F309A3000CB2763 /* MyOrdersVC.m in Sources */,
				40F746271F309A4700CB2763 /* MyOrderCell.m in Sources */,
				4017329D1F2A220D0084C367 /* Reachability.m in Sources */,
				40F7460B1F3049B200CB2763 /* AddressCell.m in Sources */,
				4017329C1F2A220D0084C367 /* MKNumberBadgeView.m in Sources */,
				40E61B401F2CA4850008EA60 /* CategoryCell.m in Sources */,
				4023C5311F32DDCE0045DBF8 /* ThanksScreenVC.m in Sources */,
				401732971F2A220D0084C367 /* BaseVC.m in Sources */,
				401732991F2A220D0084C367 /* LocalizeButton.m in Sources */,
				4017329A1F2A220D0084C367 /* LocalizeButton2.m in Sources */,
				401732A81F2A23470084C367 /* CartCell.m in Sources */,
				40DC3FBA1F2DA7A900C6B9B4 /* ProductPagerVC.m in Sources */,
				404958821F2F49670008C7C1 /* CalenderVC.m in Sources */,
				4048FB211F319848004666D9 /* InfoPagesVC.m in Sources */,
				4049588C1F2F7E6B0008C7C1 /* AddAddressVC.m in Sources */,
				401732A21F2A226F0084C367 /* AsyncImageView.m in Sources */,
				4017324F1F2A1A5E0084C367 /* main.m in Sources */,
				40F7461E1F30985400CB2763 /* UpdateProfileVC.m in Sources */,
				4017329B1F2A220D0084C367 /* LocalizeLabel.m in Sources */,
				401732981F2A220D0084C367 /* LocalizationSystem.m in Sources */,
				40F7462A1F30AE8E00CB2763 /* OrderDetailsVC.m in Sources */,
				409FE2A91F347F330068A37B /* SearchVC.m in Sources */,
				4048FB281F32194A004666D9 /* ConfirmDeliveryVC.m in Sources */,
				40F746111F30512200CB2763 /* LoginVC.m in Sources */,
				40F746121F30512200CB2763 /* RegisterVC.m in Sources */,
				404958781F2F37650008C7C1 /* LeftMenuViewController.m in Sources */,
			);
			runOnlyForDeploymentPostprocessing = 0;
		};
		4017325F1F2A1A5E0084C367 /* Sources */ = {
			isa = PBXSourcesBuildPhase;
			buildActionMask = 2147483647;
			files = (
				401732681F2A1A5E0084C367 /* Grocery_StoreTests.m in Sources */,
			);
			runOnlyForDeploymentPostprocessing = 0;
		};
		4017326A1F2A1A5E0084C367 /* Sources */ = {
			isa = PBXSourcesBuildPhase;
			buildActionMask = 2147483647;
			files = (
				401732731F2A1A5E0084C367 /* Grocery_StoreUITests.m in Sources */,
			);
			runOnlyForDeploymentPostprocessing = 0;
		};
/* End PBXSourcesBuildPhase section */

/* Begin PBXTargetDependency section */
		401732651F2A1A5E0084C367 /* PBXTargetDependency */ = {
			isa = PBXTargetDependency;
			target = 401732491F2A1A5E0084C367 /* Grocery Store */;
			targetProxy = 401732641F2A1A5E0084C367 /* PBXContainerItemProxy */;
		};
		401732701F2A1A5E0084C367 /* PBXTargetDependency */ = {
			isa = PBXTargetDependency;
			target = 401732491F2A1A5E0084C367 /* Grocery Store */;
			targetProxy = 4017326F1F2A1A5E0084C367 /* PBXContainerItemProxy */;
		};
/* End PBXTargetDependency section */

/* Begin PBXVariantGroup section */
		401732561F2A1A5E0084C367 /* Main.storyboard */ = {
			isa = PBXVariantGroup;
			children = (
				401732571F2A1A5E0084C367 /* Base */,
			);
			name = Main.storyboard;
			sourceTree = "<group>";
		};
		4017325B1F2A1A5E0084C367 /* LaunchScreen.storyboard */ = {
			isa = PBXVariantGroup;
			children = (
				4017325C1F2A1A5E0084C367 /* Base */,
			);
			name = LaunchScreen.storyboard;
			sourceTree = "<group>";
		};
		40E61B3C1F2CA2490008EA60 /* Localizable.strings */ = {
			isa = PBXVariantGroup;
			children = (
				40E61B3B1F2CA2490008EA60 /* Base */,
				40E61B3D1F2CA24C0008EA60 /* en */,
			);
			name = Localizable.strings;
			path = Languages;
			sourceTree = "<group>";
		};
/* End PBXVariantGroup section */

/* Begin XCBuildConfiguration section */
		401732751F2A1A5E0084C367 /* Debug */ = {
			isa = XCBuildConfiguration;
			buildSettings = {
				ALWAYS_SEARCH_USER_PATHS = NO;
				CLANG_ANALYZER_NONNULL = YES;
				CLANG_CXX_LANGUAGE_STANDARD = "gnu++0x";
				CLANG_CXX_LIBRARY = "libc++";
				CLANG_ENABLE_MODULES = YES;
				CLANG_ENABLE_OBJC_ARC = YES;
				CLANG_WARN_BOOL_CONVERSION = YES;
				CLANG_WARN_CONSTANT_CONVERSION = YES;
				CLANG_WARN_DIRECT_OBJC_ISA_USAGE = YES_ERROR;
				CLANG_WARN_DOCUMENTATION_COMMENTS = YES;
				CLANG_WARN_EMPTY_BODY = YES;
				CLANG_WARN_ENUM_CONVERSION = YES;
				CLANG_WARN_INFINITE_RECURSION = YES;
				CLANG_WARN_INT_CONVERSION = YES;
				CLANG_WARN_OBJC_ROOT_CLASS = YES_ERROR;
				CLANG_WARN_SUSPICIOUS_MOVE = YES;
				CLANG_WARN_UNREACHABLE_CODE = YES;
				CLANG_WARN__DUPLICATE_METHOD_MATCH = YES;
				"CODE_SIGN_IDENTITY[sdk=iphoneos*]" = "iPhone Developer";
				COPY_PHASE_STRIP = NO;
				DEBUG_INFORMATION_FORMAT = dwarf;
				ENABLE_STRICT_OBJC_MSGSEND = YES;
				ENABLE_TESTABILITY = YES;
				GCC_C_LANGUAGE_STANDARD = gnu99;
				GCC_DYNAMIC_NO_PIC = NO;
				GCC_NO_COMMON_BLOCKS = YES;
				GCC_OPTIMIZATION_LEVEL = 0;
				GCC_PREPROCESSOR_DEFINITIONS = (
					"DEBUG=1",
					"$(inherited)",
				);
				GCC_WARN_64_TO_32_BIT_CONVERSION = YES;
				GCC_WARN_ABOUT_RETURN_TYPE = YES_ERROR;
				GCC_WARN_UNDECLARED_SELECTOR = YES;
				GCC_WARN_UNINITIALIZED_AUTOS = YES_AGGRESSIVE;
				GCC_WARN_UNUSED_FUNCTION = YES;
				GCC_WARN_UNUSED_VARIABLE = YES;
				IPHONEOS_DEPLOYMENT_TARGET = 10.2;
				MTL_ENABLE_DEBUG_INFO = YES;
				ONLY_ACTIVE_ARCH = YES;
				SDKROOT = iphoneos;
			};
			name = Debug;
		};
		401732761F2A1A5E0084C367 /* Release */ = {
			isa = XCBuildConfiguration;
			buildSettings = {
				ALWAYS_SEARCH_USER_PATHS = NO;
				CLANG_ANALYZER_NONNULL = YES;
				CLANG_CXX_LANGUAGE_STANDARD = "gnu++0x";
				CLANG_CXX_LIBRARY = "libc++";
				CLANG_ENABLE_MODULES = YES;
				CLANG_ENABLE_OBJC_ARC = YES;
				CLANG_WARN_BOOL_CONVERSION = YES;
				CLANG_WARN_CONSTANT_CONVERSION = YES;
				CLANG_WARN_DIRECT_OBJC_ISA_USAGE = YES_ERROR;
				CLANG_WARN_DOCUMENTATION_COMMENTS = YES;
				CLANG_WARN_EMPTY_BODY = YES;
				CLANG_WARN_ENUM_CONVERSION = YES;
				CLANG_WARN_INFINITE_RECURSION = YES;
				CLANG_WARN_INT_CONVERSION = YES;
				CLANG_WARN_OBJC_ROOT_CLASS = YES_ERROR;
				CLANG_WARN_SUSPICIOUS_MOVE = YES;
				CLANG_WARN_UNREACHABLE_CODE = YES;
				CLANG_WARN__DUPLICATE_METHOD_MATCH = YES;
				"CODE_SIGN_IDENTITY[sdk=iphoneos*]" = "iPhone Developer";
				COPY_PHASE_STRIP = NO;
				DEBUG_INFORMATION_FORMAT = "dwarf-with-dsym";
				ENABLE_NS_ASSERTIONS = NO;
				ENABLE_STRICT_OBJC_MSGSEND = YES;
				GCC_C_LANGUAGE_STANDARD = gnu99;
				GCC_NO_COMMON_BLOCKS = YES;
				GCC_WARN_64_TO_32_BIT_CONVERSION = YES;
				GCC_WARN_ABOUT_RETURN_TYPE = YES_ERROR;
				GCC_WARN_UNDECLARED_SELECTOR = YES;
				GCC_WARN_UNINITIALIZED_AUTOS = YES_AGGRESSIVE;
				GCC_WARN_UNUSED_FUNCTION = YES;
				GCC_WARN_UNUSED_VARIABLE = YES;
				IPHONEOS_DEPLOYMENT_TARGET = 10.2;
				MTL_ENABLE_DEBUG_INFO = NO;
				SDKROOT = iphoneos;
				VALIDATE_PRODUCT = YES;
			};
			name = Release;
		};
		401732781F2A1A5E0084C367 /* Debug */ = {
			isa = XCBuildConfiguration;
			baseConfigurationReference = 89F417C958CED261CA0B0591 /* Pods-Grocery Store.debug.xcconfig */;
			buildSettings = {
				ASSETCATALOG_COMPILER_APPICON_NAME = AppIcon;
				CODE_SIGN_ENTITLEMENTS = "Grocery Store/Grocery Store.entitlements";
				DEVELOPMENT_TEAM = 2ZR54XZT4W;
				INFOPLIST_FILE = "Grocery Store/Info.plist";
				LD_RUNPATH_SEARCH_PATHS = "$(inherited) @executable_path/Frameworks";
				PRODUCT_BUNDLE_IDENTIFIER = "com.Grocery-Store";
				PRODUCT_NAME = "$(TARGET_NAME)";
			};
			name = Debug;
		};
		401732791F2A1A5E0084C367 /* Release */ = {
			isa = XCBuildConfiguration;
			baseConfigurationReference = D22DBE3A60624F2977E75943 /* Pods-Grocery Store.release.xcconfig */;
			buildSettings = {
				ASSETCATALOG_COMPILER_APPICON_NAME = AppIcon;
				CODE_SIGN_ENTITLEMENTS = "Grocery Store/Grocery Store.entitlements";
				DEVELOPMENT_TEAM = 2ZR54XZT4W;
				INFOPLIST_FILE = "Grocery Store/Info.plist";
				LD_RUNPATH_SEARCH_PATHS = "$(inherited) @executable_path/Frameworks";
				PRODUCT_BUNDLE_IDENTIFIER = "com.Grocery-Store";
				PRODUCT_NAME = "$(TARGET_NAME)";
			};
			name = Release;
		};
		4017327B1F2A1A5E0084C367 /* Debug */ = {
			isa = XCBuildConfiguration;
			buildSettings = {
				BUNDLE_LOADER = "$(TEST_HOST)";
				INFOPLIST_FILE = "Grocery StoreTests/Info.plist";
				LD_RUNPATH_SEARCH_PATHS = "$(inherited) @executable_path/Frameworks @loader_path/Frameworks";
				PRODUCT_BUNDLE_IDENTIFIER = "com.Grocery-StoreTests";
				PRODUCT_NAME = "$(TARGET_NAME)";
				TEST_HOST = "$(BUILT_PRODUCTS_DIR)/Grocery Store.app/Grocery Store";
			};
			name = Debug;
		};
		4017327C1F2A1A5E0084C367 /* Release */ = {
			isa = XCBuildConfiguration;
			buildSettings = {
				BUNDLE_LOADER = "$(TEST_HOST)";
				INFOPLIST_FILE = "Grocery StoreTests/Info.plist";
				LD_RUNPATH_SEARCH_PATHS = "$(inherited) @executable_path/Frameworks @loader_path/Frameworks";
				PRODUCT_BUNDLE_IDENTIFIER = "com.Grocery-StoreTests";
				PRODUCT_NAME = "$(TARGET_NAME)";
				TEST_HOST = "$(BUILT_PRODUCTS_DIR)/Grocery Store.app/Grocery Store";
			};
			name = Release;
		};
		4017327E1F2A1A5E0084C367 /* Debug */ = {
			isa = XCBuildConfiguration;
			buildSettings = {
				INFOPLIST_FILE = "Grocery StoreUITests/Info.plist";
				LD_RUNPATH_SEARCH_PATHS = "$(inherited) @executable_path/Frameworks @loader_path/Frameworks";
				PRODUCT_BUNDLE_IDENTIFIER = "com.Grocery-StoreUITests";
				PRODUCT_NAME = "$(TARGET_NAME)";
				TEST_TARGET_NAME = "Grocery Store";
			};
			name = Debug;
		};
		4017327F1F2A1A5E0084C367 /* Release */ = {
			isa = XCBuildConfiguration;
			buildSettings = {
				INFOPLIST_FILE = "Grocery StoreUITests/Info.plist";
				LD_RUNPATH_SEARCH_PATHS = "$(inherited) @executable_path/Frameworks @loader_path/Frameworks";
				PRODUCT_BUNDLE_IDENTIFIER = "com.Grocery-StoreUITests";
				PRODUCT_NAME = "$(TARGET_NAME)";
				TEST_TARGET_NAME = "Grocery Store";
			};
			name = Release;
		};
/* End XCBuildConfiguration section */

/* Begin XCConfigurationList section */
		401732451F2A1A5E0084C367 /* Build configuration list for PBXProject "Grocery Store" */ = {
			isa = XCConfigurationList;
			buildConfigurations = (
				401732751F2A1A5E0084C367 /* Debug */,
				401732761F2A1A5E0084C367 /* Release */,
			);
			defaultConfigurationIsVisible = 0;
			defaultConfigurationName = Release;
		};
		401732771F2A1A5E0084C367 /* Build configuration list for PBXNativeTarget "Grocery Store" */ = {
			isa = XCConfigurationList;
			buildConfigurations = (
				401732781F2A1A5E0084C367 /* Debug */,
				401732791F2A1A5E0084C367 /* Release */,
			);
			defaultConfigurationIsVisible = 0;
			defaultConfigurationName = Release;
		};
		4017327A1F2A1A5E0084C367 /* Build configuration list for PBXNativeTarget "Grocery StoreTests" */ = {
			isa = XCConfigurationList;
			buildConfigurations = (
				4017327B1F2A1A5E0084C367 /* Debug */,
				4017327C1F2A1A5E0084C367 /* Release */,
			);
			defaultConfigurationIsVisible = 0;
			defaultConfigurationName = Release;
		};
		4017327D1F2A1A5E0084C367 /* Build configuration list for PBXNativeTarget "Grocery StoreUITests" */ = {
			isa = XCConfigurationList;
			buildConfigurations = (
				4017327E1F2A1A5E0084C367 /* Debug */,
				4017327F1F2A1A5E0084C367 /* Release */,
			);
			defaultConfigurationIsVisible = 0;
			defaultConfigurationName = Release;
		};
/* End XCConfigurationList section */
	};
	rootObject = 401732421F2A1A5E0084C367 /* Project object */;
}
